
Microsoft Visual Studio Solution File, Format Version 12.00
# Visual Studio Version 17
VisualStudioVersion = 17.11.35222.181
MinimumVisualStudioVersion = 10.0.40219.1
Project("{FAE04EC0-301F-11D3-BF4B-00C04F79EFBC}") = "Project-4", "Project-4\Project-4.csproj", "{09F2C8F8-9B35-4622-A19B-58C1FFAFE4B8}"
EndProject
Global
	GlobalSection(SolutionConfigurationPlatforms) = preSolution
		Debug|Any CPU = Debug|Any CPU
		Release|Any CPU = Release|Any CPU
	EndGlobalSection
	GlobalSection(ProjectConfigurationPlatforms) = postSolution
		{09F2C8F8-9B35-4622-A19B-58C1FFAFE4B8}.Debug|Any CPU.ActiveCfg = Debug|Any CPU
		{09F2C8F8-9B35-4622-A19B-58C1FFAFE4B8}.Debug|Any CPU.Build.0 = Debug|Any CPU
		{09F2C8F8-9B35-4622-A19B-58C1FFAFE4B8}.Release|Any CPU.ActiveCfg = Release|Any CPU
		{09F2C8F8-9B35-4622-A19B-58C1FFAFE4B8}.Release|Any CPU.Build.0 = Release|Any CPU
	EndGlobalSection
	GlobalSection(SolutionProperties) = preSolution
		HideSolutionNode = FALSE
	EndGlobalSection
	GlobalSection(ExtensibilityGlobals) = postSolution
		SolutionGuid = {610ED287-E41F-4FFA-98EC-18A1B0A38408}
	EndGlobalSection
EndGlobal
